// !$*UTF8*$!
{
	archiveVersion = 1;
	classes = {
	};
	objectVersion = 46;
	objects = {

/* Begin PBXBuildFile section */
		025440EB1A5F77CB00A9E382 /* MyNavigationViewController.swift in Sources */ = {isa = PBXBuildFile; fileRef = 025440EA1A5F77CB00A9E382 /* MyNavigationViewController.swift */; };
		025440ED1A5F78F700A9E382 /* BoooM_logo.png in Resources */ = {isa = PBXBuildFile; fileRef = 025440EC1A5F78F700A9E382 /* BoooM_logo.png */; };
		02ABDD2D1A5EBEA9009742A8 /* AppDelegate.swift in Sources */ = {isa = PBXBuildFile; fileRef = 02ABDD2C1A5EBEA9009742A8 /* AppDelegate.swift */; };
		02ABDD301A5EBEA9009742A8 /* booooom.xcdatamodeld in Sources */ = {isa = PBXBuildFile; fileRef = 02ABDD2E1A5EBEA9009742A8 /* booooom.xcdatamodeld */; };
		02ABDD321A5EBEA9009742A8 /* ViewController.swift in Sources */ = {isa = PBXBuildFile; fileRef = 02ABDD311A5EBEA9009742A8 /* ViewController.swift */; };
		02ABDD351A5EBEA9009742A8 /* Main.storyboard in Resources */ = {isa = PBXBuildFile; fileRef = 02ABDD331A5EBEA9009742A8 /* Main.storyboard */; };
		02ABDD371A5EBEA9009742A8 /* Images.xcassets in Resources */ = {isa = PBXBuildFile; fileRef = 02ABDD361A5EBEA9009742A8 /* Images.xcassets */; };
		02ABDD3A1A5EBEA9009742A8 /* LaunchScreen.xib in Resources */ = {isa = PBXBuildFile; fileRef = 02ABDD381A5EBEA9009742A8 /* LaunchScreen.xib */; };
		02ABDD461A5EBEA9009742A8 /* booooomTests.swift in Sources */ = {isa = PBXBuildFile; fileRef = 02ABDD451A5EBEA9009742A8 /* booooomTests.swift */; };
		02ABDD521A5EC11E009742A8 /* FormViewController.swift in Sources */ = {isa = PBXBuildFile; fileRef = 02ABDD511A5EC11E009742A8 /* FormViewController.swift */; };
		02F5AF5D1A5ED5E70056DF01 /* LoginViewController.swift in Sources */ = {isa = PBXBuildFile; fileRef = 02F5AF5C1A5ED5E70056DF01 /* LoginViewController.swift */; };
		02F5AF5F1A5ED6240056DF01 /* HomeVIewController.swift in Sources */ = {isa = PBXBuildFile; fileRef = 02F5AF5E1A5ED6240056DF01 /* HomeVIewController.swift */; };
		02F5AF621A5F67590056DF01 /* Login.png in Resources */ = {isa = PBXBuildFile; fileRef = 02F5AF611A5F67590056DF01 /* Login.png */; };
		02F5AF641A5F67610056DF01 /* Start.png in Resources */ = {isa = PBXBuildFile; fileRef = 02F5AF631A5F67610056DF01 /* Start.png */; };
		02F5AF661A5F6EB50056DF01 /* home.png in Resources */ = {isa = PBXBuildFile; fileRef = 02F5AF651A5F6EB50056DF01 /* home.png */; };
		92DB1E2FB63C44DB05648ECD /* libPods-booooom.a in Frameworks */ = {isa = PBXBuildFile; fileRef = D7607886D7E1413ABF1B7924 /* libPods-booooom.a */; };
/* End PBXBuildFile section */

/* Begin PBXContainerItemProxy section */
		02ABDD401A5EBEA9009742A8 /* PBXContainerItemProxy */ = {
			isa = PBXContainerItemProxy;
			containerPortal = 02ABDD1F1A5EBEA9009742A8 /* Project object */;
			proxyType = 1;
			remoteGlobalIDString = 02ABDD261A5EBEA9009742A8;
			remoteInfo = booooom;
		};
/* End PBXContainerItemProxy section */

/* Begin PBXFileReference section */
		025440EA1A5F77CB00A9E382 /* MyNavigationViewController.swift */ = {isa = PBXFileReference; fileEncoding = 4; lastKnownFileType = sourcecode.swift; path = MyNavigationViewController.swift; sourceTree = "<group>"; };
		025440EC1A5F78F700A9E382 /* BoooM_logo.png */ = {isa = PBXFileReference; lastKnownFileType = image.png; path = BoooM_logo.png; sourceTree = "<group>"; };
		02ABDD271A5EBEA9009742A8 /* booooom.app */ = {isa = PBXFileReference; explicitFileType = wrapper.application; includeInIndex = 0; path = booooom.app; sourceTree = BUILT_PRODUCTS_DIR; };
		02ABDD2B1A5EBEA9009742A8 /* Info.plist */ = {isa = PBXFileReference; lastKnownFileType = text.plist.xml; path = Info.plist; sourceTree = "<group>"; };
		02ABDD2C1A5EBEA9009742A8 /* AppDelegate.swift */ = {isa = PBXFileReference; lastKnownFileType = sourcecode.swift; path = AppDelegate.swift; sourceTree = "<group>"; };
		02ABDD2F1A5EBEA9009742A8 /* booooom.xcdatamodel */ = {isa = PBXFileReference; lastKnownFileType = wrapper.xcdatamodel; path = booooom.xcdatamodel; sourceTree = "<group>"; };
		02ABDD311A5EBEA9009742A8 /* ViewController.swift */ = {isa = PBXFileReference; lastKnownFileType = sourcecode.swift; path = ViewController.swift; sourceTree = "<group>"; };
		02ABDD341A5EBEA9009742A8 /* Base */ = {isa = PBXFileReference; lastKnownFileType = file.storyboard; name = Base; path = Base.lproj/Main.storyboard; sourceTree = "<group>"; };
		02ABDD361A5EBEA9009742A8 /* Images.xcassets */ = {isa = PBXFileReference; lastKnownFileType = folder.assetcatalog; path = Images.xcassets; sourceTree = "<group>"; };
		02ABDD391A5EBEA9009742A8 /* Base */ = {isa = PBXFileReference; lastKnownFileType = file.xib; name = Base; path = Base.lproj/LaunchScreen.xib; sourceTree = "<group>"; };
		02ABDD3F1A5EBEA9009742A8 /* booooomTests.xctest */ = {isa = PBXFileReference; explicitFileType = wrapper.cfbundle; includeInIndex = 0; path = booooomTests.xctest; sourceTree = BUILT_PRODUCTS_DIR; };
		02ABDD441A5EBEA9009742A8 /* Info.plist */ = {isa = PBXFileReference; lastKnownFileType = text.plist.xml; path = Info.plist; sourceTree = "<group>"; };
		02ABDD451A5EBEA9009742A8 /* booooomTests.swift */ = {isa = PBXFileReference; lastKnownFileType = sourcecode.swift; path = booooomTests.swift; sourceTree = "<group>"; };
		02ABDD511A5EC11E009742A8 /* FormViewController.swift */ = {isa = PBXFileReference; fileEncoding = 4; lastKnownFileType = sourcecode.swift; path = FormViewController.swift; sourceTree = "<group>"; };
		02F5AF5C1A5ED5E70056DF01 /* LoginViewController.swift */ = {isa = PBXFileReference; fileEncoding = 4; lastKnownFileType = sourcecode.swift; path = LoginViewController.swift; sourceTree = "<group>"; };
		02F5AF5E1A5ED6240056DF01 /* HomeVIewController.swift */ = {isa = PBXFileReference; fileEncoding = 4; lastKnownFileType = sourcecode.swift; path = HomeVIewController.swift; sourceTree = "<group>"; };
		02F5AF601A5F62D00056DF01 /* booooom-Bridging-Header.h */ = {isa = PBXFileReference; lastKnownFileType = sourcecode.c.h; path = "booooom-Bridging-Header.h"; sourceTree = "<group>"; };
		02F5AF611A5F67590056DF01 /* Login.png */ = {isa = PBXFileReference; lastKnownFileType = image.png; path = Login.png; sourceTree = "<group>"; };
		02F5AF631A5F67610056DF01 /* Start.png */ = {isa = PBXFileReference; lastKnownFileType = image.png; path = Start.png; sourceTree = "<group>"; };
		02F5AF651A5F6EB50056DF01 /* home.png */ = {isa = PBXFileReference; lastKnownFileType = image.png; path = home.png; sourceTree = "<group>"; };
		152664B539FA1C3651802E85 /* Pods-booooom.debug.xcconfig */ = {isa = PBXFileReference; includeInIndex = 1; lastKnownFileType = text.xcconfig; name = "Pods-booooom.debug.xcconfig"; path = "Pods/Target Support Files/Pods-booooom/Pods-booooom.debug.xcconfig"; sourceTree = "<group>"; };
		6D67C734DB8B4001DCE5C353 /* Pods-booooom.release.xcconfig */ = {isa = PBXFileReference; includeInIndex = 1; lastKnownFileType = text.xcconfig; name = "Pods-booooom.release.xcconfig"; path = "Pods/Target Support Files/Pods-booooom/Pods-booooom.release.xcconfig"; sourceTree = "<group>"; };
		D7607886D7E1413ABF1B7924 /* libPods-booooom.a */ = {isa = PBXFileReference; explicitFileType = archive.ar; includeInIndex = 0; path = "libPods-booooom.a"; sourceTree = BUILT_PRODUCTS_DIR; };
/* End PBXFileReference section */

/* Begin PBXFrameworksBuildPhase section */
		02ABDD241A5EBEA9009742A8 /* Frameworks */ = {
			isa = PBXFrameworksBuildPhase;
			buildActionMask = 2147483647;
			files = (
				92DB1E2FB63C44DB05648ECD /* libPods-booooom.a in Frameworks */,
			);
			runOnlyForDeploymentPostprocessing = 0;
		};
		02ABDD3C1A5EBEA9009742A8 /* Frameworks */ = {
			isa = PBXFrameworksBuildPhase;
			buildActionMask = 2147483647;
			files = (
			);
			runOnlyForDeploymentPostprocessing = 0;
		};
/* End PBXFrameworksBuildPhase section */

/* Begin PBXGroup section */
		02ABDD1E1A5EBEA9009742A8 = {
			isa = PBXGroup;
			children = (
				02ABDD291A5EBEA9009742A8 /* booooom */,
				02ABDD421A5EBEA9009742A8 /* booooomTests */,
				02ABDD281A5EBEA9009742A8 /* Products */,
				02DDCDBDCBB3623DD65A01E1 /* Pods */,
				8A51C216EEEC2374D4679EA9 /* Frameworks */,
			);
			sourceTree = "<group>";
		};
		02ABDD281A5EBEA9009742A8 /* Products */ = {
			isa = PBXGroup;
			children = (
				02ABDD271A5EBEA9009742A8 /* booooom.app */,
				02ABDD3F1A5EBEA9009742A8 /* booooomTests.xctest */,
			);
			name = Products;
			sourceTree = "<group>";
		};
		02ABDD291A5EBEA9009742A8 /* booooom */ = {
			isa = PBXGroup;
			children = (
				02ABDD2C1A5EBEA9009742A8 /* AppDelegate.swift */,
				02ABDD311A5EBEA9009742A8 /* ViewController.swift */,
				02ABDD331A5EBEA9009742A8 /* Main.storyboard */,
				02F5AF5C1A5ED5E70056DF01 /* LoginViewController.swift */,
				02F5AF5E1A5ED6240056DF01 /* HomeVIewController.swift */,
				025440EA1A5F77CB00A9E382 /* MyNavigationViewController.swift */,
				02ABDD511A5EC11E009742A8 /* FormViewController.swift */,
				02ABDD361A5EBEA9009742A8 /* Images.xcassets */,
				02ABDD381A5EBEA9009742A8 /* LaunchScreen.xib */,
				02ABDD2E1A5EBEA9009742A8 /* booooom.xcdatamodeld */,
				02ABDD2A1A5EBEA9009742A8 /* Supporting Files */,
				02F5AF601A5F62D00056DF01 /* booooom-Bridging-Header.h */,
			);
			path = booooom;
			sourceTree = "<group>";
		};
		02ABDD2A1A5EBEA9009742A8 /* Supporting Files */ = {
			isa = PBXGroup;
			children = (
				025440EC1A5F78F700A9E382 /* BoooM_logo.png */,
				02F5AF651A5F6EB50056DF01 /* home.png */,
				02F5AF631A5F67610056DF01 /* Start.png */,
				02F5AF611A5F67590056DF01 /* Login.png */,
				02ABDD2B1A5EBEA9009742A8 /* Info.plist */,
			);
			name = "Supporting Files";
			sourceTree = "<group>";
		};
		02ABDD421A5EBEA9009742A8 /* booooomTests */ = {
			isa = PBXGroup;
			children = (
				02ABDD451A5EBEA9009742A8 /* booooomTests.swift */,
				02ABDD431A5EBEA9009742A8 /* Supporting Files */,
			);
			path = booooomTests;
			sourceTree = "<group>";
		};
		02ABDD431A5EBEA9009742A8 /* Supporting Files */ = {
			isa = PBXGroup;
			children = (
				02ABDD441A5EBEA9009742A8 /* Info.plist */,
			);
			name = "Supporting Files";
			sourceTree = "<group>";
		};
		02DDCDBDCBB3623DD65A01E1 /* Pods */ = {
			isa = PBXGroup;
			children = (
				152664B539FA1C3651802E85 /* Pods-booooom.debug.xcconfig */,
				6D67C734DB8B4001DCE5C353 /* Pods-booooom.release.xcconfig */,
			);
			name = Pods;
			sourceTree = "<group>";
		};
		8A51C216EEEC2374D4679EA9 /* Frameworks */ = {
			isa = PBXGroup;
			children = (
				D7607886D7E1413ABF1B7924 /* libPods-booooom.a */,
			);
			name = Frameworks;
			sourceTree = "<group>";
		};
/* End PBXGroup section */

/* Begin PBXNativeTarget section */
		02ABDD261A5EBEA9009742A8 /* booooom */ = {
			isa = PBXNativeTarget;
			buildConfigurationList = 02ABDD491A5EBEA9009742A8 /* Build configuration list for PBXNativeTarget "booooom" */;
			buildPhases = (
				380598E530D61835520C9D4D /* Check Pods Manifest.lock */,
				02ABDD231A5EBEA9009742A8 /* Sources */,
				02ABDD241A5EBEA9009742A8 /* Frameworks */,
				02ABDD251A5EBEA9009742A8 /* Resources */,
				3F8F90D59BCA83E478826148 /* Copy Pods Resources */,
			);
			buildRules = (
			);
			dependencies = (
			);
			name = booooom;
			productName = booooom;
			productReference = 02ABDD271A5EBEA9009742A8 /* booooom.app */;
			productType = "com.apple.product-type.application";
		};
		02ABDD3E1A5EBEA9009742A8 /* booooomTests */ = {
			isa = PBXNativeTarget;
			buildConfigurationList = 02ABDD4C1A5EBEA9009742A8 /* Build configuration list for PBXNativeTarget "booooomTests" */;
			buildPhases = (
				02ABDD3B1A5EBEA9009742A8 /* Sources */,
				02ABDD3C1A5EBEA9009742A8 /* Frameworks */,
				02ABDD3D1A5EBEA9009742A8 /* Resources */,
			);
			buildRules = (
			);
			dependencies = (
				02ABDD411A5EBEA9009742A8 /* PBXTargetDependency */,
			);
			name = booooomTests;
			productName = booooomTests;
			productReference = 02ABDD3F1A5EBEA9009742A8 /* booooomTests.xctest */;
			productType = "com.apple.product-type.bundle.unit-test";
		};
/* End PBXNativeTarget section */

/* Begin PBXProject section */
		02ABDD1F1A5EBEA9009742A8 /* Project object */ = {
			isa = PBXProject;
			attributes = {
				LastUpgradeCheck = 0620;
				ORGANIZATIONNAME = yuki.moriyama;
				TargetAttributes = {
					02ABDD261A5EBEA9009742A8 = {
						CreatedOnToolsVersion = 6.2;
					};
					02ABDD3E1A5EBEA9009742A8 = {
						CreatedOnToolsVersion = 6.2;
						TestTargetID = 02ABDD261A5EBEA9009742A8;
					};
				};
			};
			buildConfigurationList = 02ABDD221A5EBEA9009742A8 /* Build configuration list for PBXProject "booooom" */;
			compatibilityVersion = "Xcode 3.2";
			developmentRegion = English;
			hasScannedForEncodings = 0;
			knownRegions = (
				en,
				Base,
			);
			mainGroup = 02ABDD1E1A5EBEA9009742A8;
			productRefGroup = 02ABDD281A5EBEA9009742A8 /* Products */;
			projectDirPath = "";
			projectRoot = "";
			targets = (
				02ABDD261A5EBEA9009742A8 /* booooom */,
				02ABDD3E1A5EBEA9009742A8 /* booooomTests */,
			);
		};
/* End PBXProject section */

/* Begin PBXResourcesBuildPhase section */
		02ABDD251A5EBEA9009742A8 /* Resources */ = {
			isa = PBXResourcesBuildPhase;
			buildActionMask = 2147483647;
			files = (
				02ABDD351A5EBEA9009742A8 /* Main.storyboard in Resources */,
				02F5AF621A5F67590056DF01 /* Login.png in Resources */,
				02F5AF661A5F6EB50056DF01 /* home.png in Resources */,
				02ABDD3A1A5EBEA9009742A8 /* LaunchScreen.xib in Resources */,
				02ABDD371A5EBEA9009742A8 /* Images.xcassets in Resources */,
				025440ED1A5F78F700A9E382 /* BoooM_logo.png in Resources */,
				02F5AF641A5F67610056DF01 /* Start.png in Resources */,
			);
			runOnlyForDeploymentPostprocessing = 0;
		};
		02ABDD3D1A5EBEA9009742A8 /* Resources */ = {
			isa = PBXResourcesBuildPhase;
			buildActionMask = 2147483647;
			files = (
			);
			runOnlyForDeploymentPostprocessing = 0;
		};
/* End PBXResourcesBuildPhase section */

/* Begin PBXShellScriptBuildPhase section */
		380598E530D61835520C9D4D /* Check Pods Manifest.lock */ = {
			isa = PBXShellScriptBuildPhase;
			buildActionMask = 2147483647;
			files = (
			);
			inputPaths = (
			);
			name = "Check Pods Manifest.lock";
			outputPaths = (
			);
			runOnlyForDeploymentPostprocessing = 0;
			shellPath = /bin/sh;
			shellScript = "diff \"${PODS_ROOT}/../Podfile.lock\" \"${PODS_ROOT}/Manifest.lock\" > /dev/null\nif [[ $? != 0 ]] ; then\n    cat << EOM\nerror: The sandbox is not in sync with the Podfile.lock. Run 'pod install' or update your CocoaPods installation.\nEOM\n    exit 1\nfi\n";
			showEnvVarsInLog = 0;
		};
		3F8F90D59BCA83E478826148 /* Copy Pods Resources */ = {
			isa = PBXShellScriptBuildPhase;
			buildActionMask = 2147483647;
			files = (
			);
			inputPaths = (
			);
			name = "Copy Pods Resources";
			outputPaths = (
			);
			runOnlyForDeploymentPostprocessing = 0;
			shellPath = /bin/sh;
			shellScript = "\"${SRCROOT}/Pods/Target Support Files/Pods-booooom/Pods-booooom-resources.sh\"\n";
			showEnvVarsInLog = 0;
		};
/* End PBXShellScriptBuildPhase section */

/* Begin PBXSourcesBuildPhase section */
		02ABDD231A5EBEA9009742A8 /* Sources */ = {
			isa = PBXSourcesBuildPhase;
			buildActionMask = 2147483647;
			files = (
				02ABDD321A5EBEA9009742A8 /* ViewController.swift in Sources */,
				025440EB1A5F77CB00A9E382 /* MyNavigationViewController.swift in Sources */,
				02F5AF5F1A5ED6240056DF01 /* HomeVIewController.swift in Sources */,
				02ABDD301A5EBEA9009742A8 /* booooom.xcdatamodeld in Sources */,
				02ABDD521A5EC11E009742A8 /* FormViewController.swift in Sources */,
				02F5AF5D1A5ED5E70056DF01 /* LoginViewController.swift in Sources */,
				02ABDD2D1A5EBEA9009742A8 /* AppDelegate.swift in Sources */,
			);
			runOnlyForDeploymentPostprocessing = 0;
		};
		02ABDD3B1A5EBEA9009742A8 /* Sources */ = {
			isa = PBXSourcesBuildPhase;
			buildActionMask = 2147483647;
			files = (
				02ABDD461A5EBEA9009742A8 /* booooomTests.swift in Sources */,
			);
			runOnlyForDeploymentPostprocessing = 0;
		};
/* End PBXSourcesBuildPhase section */

/* Begin PBXTargetDependency section */
		02ABDD411A5EBEA9009742A8 /* PBXTargetDependency */ = {
			isa = PBXTargetDependency;
			target = 02ABDD261A5EBEA9009742A8 /* booooom */;
			targetProxy = 02ABDD401A5EBEA9009742A8 /* PBXContainerItemProxy */;
		};
/* End PBXTargetDependency section */

/* Begin PBXVariantGroup section */
		02ABDD331A5EBEA9009742A8 /* Main.storyboard */ = {
			isa = PBXVariantGroup;
			children = (
				02ABDD341A5EBEA9009742A8 /* Base */,
			);
			name = Main.storyboard;
			sourceTree = "<group>";
		};
		02ABDD381A5EBEA9009742A8 /* LaunchScreen.xib */ = {
			isa = PBXVariantGroup;
			children = (
				02ABDD391A5EBEA9009742A8 /* Base */,
			);
			name = LaunchScreen.xib;
			sourceTree = "<group>";
		};
/* End PBXVariantGroup section */

/* Begin XCBuildConfiguration section */
		02ABDD471A5EBEA9009742A8 /* Debug */ = {
			isa = XCBuildConfiguration;
			buildSettings = {
				ALWAYS_SEARCH_USER_PATHS = NO;
				CLANG_CXX_LANGUAGE_STANDARD = "gnu++0x";
				CLANG_CXX_LIBRARY = "libc++";
				CLANG_ENABLE_MODULES = YES;
				CLANG_ENABLE_OBJC_ARC = YES;
				CLANG_WARN_BOOL_CONVERSION = YES;
				CLANG_WARN_CONSTANT_CONVERSION = YES;
				CLANG_WARN_DIRECT_OBJC_ISA_USAGE = YES_ERROR;
				CLANG_WARN_EMPTY_BODY = YES;
				CLANG_WARN_ENUM_CONVERSION = YES;
				CLANG_WARN_INT_CONVERSION = YES;
				CLANG_WARN_OBJC_ROOT_CLASS = YES_ERROR;
				CLANG_WARN_UNREACHABLE_CODE = YES;
				CLANG_WARN__DUPLICATE_METHOD_MATCH = YES;
				"CODE_SIGN_IDENTITY[sdk=iphoneos*]" = "iPhone Developer";
				COPY_PHASE_STRIP = NO;
				ENABLE_STRICT_OBJC_MSGSEND = YES;
				GCC_C_LANGUAGE_STANDARD = gnu99;
				GCC_DYNAMIC_NO_PIC = NO;
				GCC_OPTIMIZATION_LEVEL = 0;
				GCC_PREPROCESSOR_DEFINITIONS = (
					"DEBUG=1",
					"$(inherited)",
				);
				GCC_SYMBOLS_PRIVATE_EXTERN = NO;
				GCC_WARN_64_TO_32_BIT_CONVERSION = YES;
				GCC_WARN_ABOUT_RETURN_TYPE = YES_ERROR;
				GCC_WARN_UNDECLARED_SELECTOR = YES;
				GCC_WARN_UNINITIALIZED_AUTOS = YES_AGGRESSIVE;
				GCC_WARN_UNUSED_FUNCTION = YES;
				GCC_WARN_UNUSED_VARIABLE = YES;
				IPHONEOS_DEPLOYMENT_TARGET = 8.2;
				MTL_ENABLE_DEBUG_INFO = YES;
				ONLY_ACTIVE_ARCH = YES;
				SDKROOT = iphoneos;
				SWIFT_OPTIMIZATION_LEVEL = "-Onone";
			};
			name = Debug;
		};
		02ABDD481A5EBEA9009742A8 /* Release */ = {
			isa = XCBuildConfiguration;
			buildSettings = {
				ALWAYS_SEARCH_USER_PATHS = NO;
				CLANG_CXX_LANGUAGE_STANDARD = "gnu++0x";
				CLANG_CXX_LIBRARY = "libc++";
				CLANG_ENABLE_MODULES = YES;
				CLANG_ENABLE_OBJC_ARC = YES;
				CLANG_WARN_BOOL_CONVERSION = YES;
				CLANG_WARN_CONSTANT_CONVERSION = YES;
				CLANG_WARN_DIRECT_OBJC_ISA_USAGE = YES_ERROR;
				CLANG_WARN_EMPTY_BODY = YES;
				CLANG_WARN_ENUM_CONVERSION = YES;
				CLANG_WARN_INT_CONVERSION = YES;
				CLANG_WARN_OBJC_ROOT_CLASS = YES_ERROR;
				CLANG_WARN_UNREACHABLE_CODE = YES;
				CLANG_WARN__DUPLICATE_METHOD_MATCH = YES;
				"CODE_SIGN_IDENTITY[sdk=iphoneos*]" = "iPhone Developer";
				COPY_PHASE_STRIP = YES;
				ENABLE_NS_ASSERTIONS = NO;
				ENABLE_STRICT_OBJC_MSGSEND = YES;
				GCC_C_LANGUAGE_STANDARD = gnu99;
				GCC_WARN_64_TO_32_BIT_CONVERSION = YES;
				GCC_WARN_ABOUT_RETURN_TYPE = YES_ERROR;
				GCC_WARN_UNDECLARED_SELECTOR = YES;
				GCC_WARN_UNINITIALIZED_AUTOS = YES_AGGRESSIVE;
				GCC_WARN_UNUSED_FUNCTION = YES;
				GCC_WARN_UNUSED_VARIABLE = YES;
				IPHONEOS_DEPLOYMENT_TARGET = 8.2;
				MTL_ENABLE_DEBUG_INFO = NO;
				SDKROOT = iphoneos;
				VALIDATE_PRODUCT = YES;
			};
			name = Release;
		};
		02ABDD4A1A5EBEA9009742A8 /* Debug */ = {
			isa = XCBuildConfiguration;
			baseConfigurationReference = 152664B539FA1C3651802E85 /* Pods-booooom.debug.xcconfig */;
			buildSettings = {
				ASSETCATALOG_COMPILER_APPICON_NAME = AppIcon;
				INFOPLIST_FILE = booooom/Info.plist;
				IPHONEOS_DEPLOYMENT_TARGET = 8.1;
				LD_RUNPATH_SEARCH_PATHS = "$(inherited) @executable_path/Frameworks";
				PRODUCT_NAME = "$(TARGET_NAME)";
				SWIFT_OBJC_BRIDGING_HEADER = "booooom/booooom-Bridging-Header.h";
			};
			name = Debug;
		};
		02ABDD4B1A5EBEA9009742A8 /* Release */ = {
			isa = XCBuildConfiguration;
			baseConfigurationReference = 6D67C734DB8B4001DCE5C353 /* Pods-booooom.release.xcconfig */;
			buildSettings = {
				ASSETCATALOG_COMPILER_APPICON_NAME = AppIcon;
				INFOPLIST_FILE = booooom/Info.plist;
				IPHONEOS_DEPLOYMENT_TARGET = 8.1;
				LD_RUNPATH_SEARCH_PATHS = "$(inherited) @executable_path/Frameworks";
				PRODUCT_NAME = "$(TARGET_NAME)";
				SWIFT_OBJC_BRIDGING_HEADER = "booooom/booooom-Bridging-Header.h";
			};
			name = Release;
		};
		02ABDD4D1A5EBEA9009742A8 /* Debug */ = {
			isa = XCBuildConfiguration;
			buildSettings = {
				BUNDLE_LOADER = "$(TEST_HOST)";
				FRAMEWORK_SEARCH_PATHS = (
					"$(SDKROOT)/Developer/Library/Frameworks",
					"$(inherited)",
				);
				GCC_PREPROCESSOR_DEFINITIONS = (
					"DEBUG=1",
					"$(inherited)",
				);
				INFOPLIST_FILE = booooomTests/Info.plist;
				LD_RUNPATH_SEARCH_PATHS = "$(inherited) @executable_path/Frameworks @loader_path/Frameworks";
				PRODUCT_NAME = "$(TARGET_NAME)";
				TEST_HOST = "$(BUILT_PRODUCTS_DIR)/booooom.app/booooom";
			};
			name = Debug;
		};
		02ABDD4E1A5EBEA9009742A8 /* Release */ = {
			isa = XCBuildConfiguration;
			buildSettings = {
				BUNDLE_LOADER = "$(TEST_HOST)";
				FRAMEWORK_SEARCH_PATHS = (
					"$(SDKROOT)/Developer/Library/Frameworks",
					"$(inherited)",
				);
				INFOPLIST_FILE = booooomTests/Info.plist;
				LD_RUNPATH_SEARCH_PATHS = "$(inherited) @executable_path/Frameworks @loader_path/Frameworks";
				PRODUCT_NAME = "$(TARGET_NAME)";
				TEST_HOST = "$(BUILT_PRODUCTS_DIR)/booooom.app/booooom";
			};
			name = Release;
		};
/* End XCBuildConfiguration section */

/* Begin XCConfigurationList section */
		02ABDD221A5EBEA9009742A8 /* Build configuration list for PBXProject "booooom" */ = {
			isa = XCConfigurationList;
			buildConfigurations = (
				02ABDD471A5EBEA9009742A8 /* Debug */,
				02ABDD481A5EBEA9009742A8 /* Release */,
			);
			defaultConfigurationIsVisible = 0;
			defaultConfigurationName = Release;
		};
		02ABDD491A5EBEA9009742A8 /* Build configuration list for PBXNativeTarget "booooom" */ = {
			isa = XCConfigurationList;
			buildConfigurations = (
				02ABDD4A1A5EBEA9009742A8 /* Debug */,
				02ABDD4B1A5EBEA9009742A8 /* Release */,
			);
			defaultConfigurationIsVisible = 0;
			defaultConfigurationName = Release;
		};
		02ABDD4C1A5EBEA9009742A8 /* Build configuration list for PBXNativeTarget "booooomTests" */ = {
			isa = XCConfigurationList;
			buildConfigurations = (
				02ABDD4D1A5EBEA9009742A8 /* Debug */,
				02ABDD4E1A5EBEA9009742A8 /* Release */,
			);
			defaultConfigurationIsVisible = 0;
			defaultConfigurationName = Release;
		};
/* End XCConfigurationList section */

/* Begin XCVersionGroup section */
		02ABDD2E1A5EBEA9009742A8 /* booooom.xcdatamodeld */ = {
			isa = XCVersionGroup;
			children = (
				02ABDD2F1A5EBEA9009742A8 /* booooom.xcdatamodel */,
			);
			currentVersion = 02ABDD2F1A5EBEA9009742A8 /* booooom.xcdatamodel */;
			path = booooom.xcdatamodeld;
			sourceTree = "<group>";
			versionGroupType = wrapper.xcdatamodel;
		};
/* End XCVersionGroup section */
	};
	rootObject = 02ABDD1F1A5EBEA9009742A8 /* Project object */;
}
